
Microsoft Visual Studio Solution File, Format Version 12.00
Project("{2150E333-8FDC-42A3-9474-1A3956D46DE8}") = "ApiGateways", "ApiGateways", "{0CC1E2CC-5AFC-455E-81B4-80278AE901A4}"
EndProject
Project("{FAE04EC0-301F-11D3-BF4B-00C04F79EFBC}") = "Shopping.Gateway", "Shopping.Gateway\Shopping.Gateway.csproj", "{FE10D102-CDE6-402E-ACF1-B2471B974489}"
EndProject
Project("{2150E333-8FDC-42A3-9474-1A3956D46DE8}") = "Apis", "Apis", "{15319D00-1BD0-4B71-9EEE-B835728E967B}"
EndProject
Project("{FAE04EC0-301F-11D3-BF4B-00C04F79EFBC}") = "Basket.Api", "Basket.Api\Basket.Api.csproj", "{03BB01FD-7D4D-4110-9186-224952BCCAF3}"
EndProject
Project("{FAE04EC0-301F-11D3-BF4B-00C04F79EFBC}") = "GrpcGreeter", "GrpcGreeter\GrpcGreeter.csproj", "{FD832F59-B32B-44D1-8ECB-4DA525BB7BEB}"
EndProject
Project("{FAE04EC0-301F-11D3-BF4B-00C04F79EFBC}") = "GrpcGreeterClient", "GrpcGreeterClient\GrpcGreeterClient.csproj", "{B5D56813-B46D-4F45-A6DE-4EA093D6955F}"
EndProject
Project("{2150E333-8FDC-42A3-9474-1A3956D46DE8}") = "Web", "Web", "{693F4365-C30B-4234-8517-F1C5D280EDBF}"
EndProject
Project("{FAE04EC0-301F-11D3-BF4B-00C04F79EFBC}") = "WebMvc", "WebMvc\WebMvc.csproj", "{5985667A-15AE-4122-A291-0369730CE373}"
EndProject
Project("{FAE04EC0-301F-11D3-BF4B-00C04F79EFBC}") = "Catalog.Api", "Catalog.Api\Catalog.Api.csproj", "{5A55F8DE-B5D6-4C7F-AD00-C7CD0ED82C6D}"
EndProject
Project("{2150E333-8FDC-42A3-9474-1A3956D46DE8}") = "Shared", "Shared", "{87A5C247-560F-403B-B614-6FAD60CB5E3E}"
EndProject
Project("{2150E333-8FDC-42A3-9474-1A3956D46DE8}") = "WebHost", "WebHost", "{18FDB36B-DAB5-4E72-8321-55FCDADCB3F0}"
EndProject
Project("{2150E333-8FDC-42A3-9474-1A3956D46DE8}") = "EventBus", "EventBus", "{066B133B-39BA-4EB3-80E8-1F895F191C95}"
EndProject
Project("{FAE04EC0-301F-11D3-BF4B-00C04F79EFBC}") = "IntegrationEventLogEF", "IntegrationEventLogEF\IntegrationEventLogEF.csproj", "{8B08372F-B962-4984-8D49-DB19BAAB7033}"
EndProject
Project("{FAE04EC0-301F-11D3-BF4B-00C04F79EFBC}") = "EventBus", "EventBus\EventBus.csproj", "{303F3B90-64B2-488C-B1CE-B405A28F5CAA}"
EndProject
Project("{FAE04EC0-301F-11D3-BF4B-00C04F79EFBC}") = "EventBusRabbitMQ", "EventBusRabbitMQ\EventBusRabbitMQ.csproj", "{3598F831-E958-4AFB-8789-42D142E8860A}"
EndProject
Project("{FAE04EC0-301F-11D3-BF4B-00C04F79EFBC}") = "EventBusServiceBus", "EventBusServiceBus\EventBusServiceBus.csproj", "{1DED9D08-F979-446B-92D2-3FBBDE0DFD3C}"
EndProject
Global
	GlobalSection(SolutionConfigurationPlatforms) = preSolution
		Debug|Any CPU = Debug|Any CPU
		Release|Any CPU = Release|Any CPU
	EndGlobalSection
	GlobalSection(NestedProjects) = preSolution
		{FE10D102-CDE6-402E-ACF1-B2471B974489} = {0CC1E2CC-5AFC-455E-81B4-80278AE901A4}
		{03BB01FD-7D4D-4110-9186-224952BCCAF3} = {15319D00-1BD0-4B71-9EEE-B835728E967B}
		{5985667A-15AE-4122-A291-0369730CE373} = {693F4365-C30B-4234-8517-F1C5D280EDBF}
		{5A55F8DE-B5D6-4C7F-AD00-C7CD0ED82C6D} = {15319D00-1BD0-4B71-9EEE-B835728E967B}
		{18FDB36B-DAB5-4E72-8321-55FCDADCB3F0} = {87A5C247-560F-403B-B614-6FAD60CB5E3E}
		{066B133B-39BA-4EB3-80E8-1F895F191C95} = {87A5C247-560F-403B-B614-6FAD60CB5E3E}
		{8B08372F-B962-4984-8D49-DB19BAAB7033} = {066B133B-39BA-4EB3-80E8-1F895F191C95}
		{303F3B90-64B2-488C-B1CE-B405A28F5CAA} = {066B133B-39BA-4EB3-80E8-1F895F191C95}
		{3598F831-E958-4AFB-8789-42D142E8860A} = {066B133B-39BA-4EB3-80E8-1F895F191C95}
		{1DED9D08-F979-446B-92D2-3FBBDE0DFD3C} = {066B133B-39BA-4EB3-80E8-1F895F191C95}
	EndGlobalSection
	GlobalSection(ProjectConfigurationPlatforms) = postSolution
		{FE10D102-CDE6-402E-ACF1-B2471B974489}.Debug|Any CPU.ActiveCfg = Debug|Any CPU
		{FE10D102-CDE6-402E-ACF1-B2471B974489}.Debug|Any CPU.Build.0 = Debug|Any CPU
		{FE10D102-CDE6-402E-ACF1-B2471B974489}.Release|Any CPU.ActiveCfg = Release|Any CPU
		{FE10D102-CDE6-402E-ACF1-B2471B974489}.Release|Any CPU.Build.0 = Release|Any CPU
		{03BB01FD-7D4D-4110-9186-224952BCCAF3}.Debug|Any CPU.ActiveCfg = Debug|Any CPU
		{03BB01FD-7D4D-4110-9186-224952BCCAF3}.Debug|Any CPU.Build.0 = Debug|Any CPU
		{03BB01FD-7D4D-4110-9186-224952BCCAF3}.Release|Any CPU.ActiveCfg = Release|Any CPU
		{03BB01FD-7D4D-4110-9186-224952BCCAF3}.Release|Any CPU.Build.0 = Release|Any CPU
		{FD832F59-B32B-44D1-8ECB-4DA525BB7BEB}.Debug|Any CPU.ActiveCfg = Debug|Any CPU
		{FD832F59-B32B-44D1-8ECB-4DA525BB7BEB}.Debug|Any CPU.Build.0 = Debug|Any CPU
		{FD832F59-B32B-44D1-8ECB-4DA525BB7BEB}.Release|Any CPU.ActiveCfg = Release|Any CPU
		{FD832F59-B32B-44D1-8ECB-4DA525BB7BEB}.Release|Any CPU.Build.0 = Release|Any CPU
		{B5D56813-B46D-4F45-A6DE-4EA093D6955F}.Debug|Any CPU.ActiveCfg = Debug|Any CPU
		{B5D56813-B46D-4F45-A6DE-4EA093D6955F}.Debug|Any CPU.Build.0 = Debug|Any CPU
		{B5D56813-B46D-4F45-A6DE-4EA093D6955F}.Release|Any CPU.ActiveCfg = Release|Any CPU
		{B5D56813-B46D-4F45-A6DE-4EA093D6955F}.Release|Any CPU.Build.0 = Release|Any CPU
		{5985667A-15AE-4122-A291-0369730CE373}.Debug|Any CPU.ActiveCfg = Debug|Any CPU
		{5985667A-15AE-4122-A291-0369730CE373}.Debug|Any CPU.Build.0 = Debug|Any CPU
		{5985667A-15AE-4122-A291-0369730CE373}.Release|Any CPU.ActiveCfg = Release|Any CPU
		{5985667A-15AE-4122-A291-0369730CE373}.Release|Any CPU.Build.0 = Release|Any CPU
		{5A55F8DE-B5D6-4C7F-AD00-C7CD0ED82C6D}.Debug|Any CPU.ActiveCfg = Debug|Any CPU
		{5A55F8DE-B5D6-4C7F-AD00-C7CD0ED82C6D}.Debug|Any CPU.Build.0 = Debug|Any CPU
		{5A55F8DE-B5D6-4C7F-AD00-C7CD0ED82C6D}.Release|Any CPU.ActiveCfg = Release|Any CPU
		{5A55F8DE-B5D6-4C7F-AD00-C7CD0ED82C6D}.Release|Any CPU.Build.0 = Release|Any CPU
		{8B08372F-B962-4984-8D49-DB19BAAB7033}.Debug|Any CPU.ActiveCfg = Debug|Any CPU
		{8B08372F-B962-4984-8D49-DB19BAAB7033}.Debug|Any CPU.Build.0 = Debug|Any CPU
		{8B08372F-B962-4984-8D49-DB19BAAB7033}.Release|Any CPU.ActiveCfg = Release|Any CPU
		{8B08372F-B962-4984-8D49-DB19BAAB7033}.Release|Any CPU.Build.0 = Release|Any CPU
		{303F3B90-64B2-488C-B1CE-B405A28F5CAA}.Debug|Any CPU.ActiveCfg = Debug|Any CPU
		{303F3B90-64B2-488C-B1CE-B405A28F5CAA}.Debug|Any CPU.Build.0 = Debug|Any CPU
		{303F3B90-64B2-488C-B1CE-B405A28F5CAA}.Release|Any CPU.ActiveCfg = Release|Any CPU
		{303F3B90-64B2-488C-B1CE-B405A28F5CAA}.Release|Any CPU.Build.0 = Release|Any CPU
		{3598F831-E958-4AFB-8789-42D142E8860A}.Debug|Any CPU.ActiveCfg = Debug|Any CPU
		{3598F831-E958-4AFB-8789-42D142E8860A}.Debug|Any CPU.Build.0 = Debug|Any CPU
		{3598F831-E958-4AFB-8789-42D142E8860A}.Release|Any CPU.ActiveCfg = Release|Any CPU
		{3598F831-E958-4AFB-8789-42D142E8860A}.Release|Any CPU.Build.0 = Release|Any CPU
		{1DED9D08-F979-446B-92D2-3FBBDE0DFD3C}.Debug|Any CPU.ActiveCfg = Debug|Any CPU
		{1DED9D08-F979-446B-92D2-3FBBDE0DFD3C}.Debug|Any CPU.Build.0 = Debug|Any CPU
		{1DED9D08-F979-446B-92D2-3FBBDE0DFD3C}.Release|Any CPU.ActiveCfg = Release|Any CPU
		{1DED9D08-F979-446B-92D2-3FBBDE0DFD3C}.Release|Any CPU.Build.0 = Release|Any CPU
	EndGlobalSection
EndGlobal
